
Microsoft Visual Studio Solution File, Format Version 12.00
# Visual Studio Version 16
VisualStudioVersion = 16.0.30523.141
MinimumVisualStudioVersion = 10.0.40219.1
Project("{FAE04EC0-301F-11D3-BF4B-00C04F79EFBC}") = "GladiaSystem", "GladiaSystem\GladiaSystem.csproj", "{F3B5457F-8D9D-4197-B8B5-32AC4C8570A9}"
EndProject
Global
	GlobalSection(SolutionConfigurationPlatforms) = preSolution
		Debug|Any CPU = Debug|Any CPU
		Release|Any CPU = Release|Any CPU
	EndGlobalSection
	GlobalSection(ProjectConfigurationPlatforms) = postSolution
		{F3B5457F-8D9D-4197-B8B5-32AC4C8570A9}.Debug|Any CPU.ActiveCfg = Debug|Any CPU
		{F3B5457F-8D9D-4197-B8B5-32AC4C8570A9}.Debug|Any CPU.Build.0 = Debug|Any CPU
		{F3B5457F-8D9D-4197-B8B5-32AC4C8570A9}.Release|Any CPU.ActiveCfg = Release|Any CPU
		{F3B5457F-8D9D-4197-B8B5-32AC4C8570A9}.Release|Any CPU.Build.0 = Release|Any CPU
	EndGlobalSection
	GlobalSection(SolutionProperties) = preSolution
		HideSolutionNode = FALSE
	EndGlobalSection
	GlobalSection(ExtensibilityGlobals) = postSolution
		SolutionGuid = {0F94B628-DF94-4760-8B88-54B8409C666A}
	EndGlobalSection
EndGlobal
